<?xml version="1.0" encoding="utf-8"?>
<Project ToolsVersion="4.0" xmlns="http://schemas.microsoft.com/developer/msbuild/2003">
  <ItemGroup>
    <Filter Include="Source Files">
      <UniqueIdentifier>{4FC737F1-C7A5-4376-A066-2A32D752A2FF}</UniqueIdentifier>
      <Extensions>cpp;c;cc;cxx;c++;cppm;ixx;def;odl;idl;hpj;bat;asm;asmx</Extensions>
    </Filter>
    <Filter Include="Header Files">
      <UniqueIdentifier>{93995380-89BD-4b04-88EB-625FBE52EBFB}</UniqueIdentifier>
      <Extensions>h;hh;hpp;hxx;h++;hm;inl;inc;ipp;xsd</Extensions>
    </Filter>
    <Filter Include="Resource Files">
      <UniqueIdentifier>{67DA6AB6-F800-4c08-8B7A-83BB121AAD01}</UniqueIdentifier>
      <Extensions>rc;ico;cur;bmp;dlg;rc2;rct;bin;rgs;gif;jpg;jpeg;jpe;resx;tiff;tif;png;wav;mfcribbon-ms</Extensions>
    </Filter>
  </ItemGroup>
  <ItemGroup>
    <ClInclude Include="Position.h">
      <Filter>Header Files</Filter>
    </ClInclude>
    <ClInclude Include="Size.h">
      <Filter>Header Files</Filter>
    </ClInclude>
    <ClInclude Include="Entity.h">
      <Filter>Header Files</Filter>
    </ClInclude>
    <ClInclude Include="Moving.h">
      <Filter>Header Files</Filter>
    </ClInclude>
    <ClInclude Include="Zombie.h">
      <Filter>Header Files</Filter>
    </ClInclude>
    <ClInclude Include="LawnMover.h">
      <Filter>Header Files</Filter>
    </ClInclude>
    <ClInclude Include="Pea.h">
      <Filter>Header Files</Filter>
    </ClInclude>
    <ClInclude Include="NormalPea.h">
      <Filter>Header Files</Filter>
    </ClInclude>
    <ClInclude Include="WhitePea.h">
      <Filter>Header Files</Filter>
    </ClInclude>
    <ClInclude Include="Sun.h">
      <Filter>Header Files</Filter>
    </ClInclude>
    <ClInclude Include="SimpleZombies.h">
      <Filter>Header Files</Filter>
    </ClInclude>
    <ClInclude Include="DolphinRiderZombies.h">
      <Filter>Header Files</Filter>
    </ClInclude>
    <ClInclude Include="FootballZombies.h">
      <Filter>Header Files</Filter>
    </ClInclude>
    <ClInclude Include="FlyingZombies.h">
      <Filter>Header Files</Filter>
    </ClInclude>
    <ClInclude Include="DancingZombies.h">
      <Filter>Header Files</Filter>
    </ClInclude>
    <ClInclude Include="Time.h">
      <Filter>Header Files</Filter>
    </ClInclude>
    <ClInclude Include="Level.h">
      <Filter>Header Files</Filter>
    </ClInclude>
    <ClInclude Include="ZombieFactory.h">
      <Filter>Header Files</Filter>
    </ClInclude>
    <ClInclude Include="Game.h">
      <Filter>Header Files</Filter>
    </ClInclude>
    <ClInclude Include="BeginersGarden.h">
      <Filter>Header Files</Filter>
    </ClInclude>
    <ClInclude Include="Sprite.h">
      <Filter>Header Files</Filter>
    </ClInclude>
    <ClInclude Include="Tile.h">
      <Filter>Header Files</Filter>
    </ClInclude>
    <ClInclude Include="Walknut.h">
      <Filter>Header Files</Filter>
    </ClInclude>
    <ClInclude Include="Cherrybomb.h">
      <Filter>Header Files</Filter>
    </ClInclude>
    <ClInclude Include="NonShooter.h">
      <Filter>Header Files</Filter>
    </ClInclude>
    <ClInclude Include="PlantFactory.h">
      <Filter>Header Files</Filter>
    </ClInclude>
    <ClInclude Include="Plants.h">
      <Filter>Header Files</Filter>
    </ClInclude>
    <ClInclude Include="Repeater.h">
      <Filter>Header Files</Filter>
    </ClInclude>
    <ClInclude Include="Shooter.h">
      <Filter>Header Files</Filter>
    </ClInclude>
    <ClInclude Include="Sunflower.h">
      <Filter>Header Files</Filter>
    </ClInclude>
    <ClInclude Include="Peashooter.h">
      <Filter>Header Files</Filter>
    </ClInclude>
    <ClInclude Include="SnowPea.h">
      <Filter>Header Files</Filter>
    </ClInclude>
    <ClInclude Include="ZombieOutskirts.h">
      <Filter>Header Files</Filter>
    </ClInclude>
    <ClInclude Include="SunflowerFields.h">
      <Filter>Header Files</Filter>
    </ClInclude>
    <ClInclude Include="Screen.h">
      <Filter>Header Files</Filter>
    </ClInclude>
    <ClInclude Include="Button.h">
      <Filter>Header Files</Filter>
    </ClInclude>
    <ClInclude Include="InstructionScreen.h">
      <Filter>Header Files</Filter>
    </ClInclude>
    <ClInclude Include="MenuScreen.h">
      <Filter>Header Files</Filter>
    </ClInclude>
    <ClInclude Include="LoseScreen.h">
      <Filter>Header Files</Filter>
    </ClInclude>
    <ClInclude Include="WinScreen.h">
      <Filter>Header Files</Filter>
    </ClInclude>
    <ClInclude Include="ScoreBoardScreen.h">
      <Filter>Header Files</Filter>
    </ClInclude>
    <ClInclude Include="NameScreen.h">
      <Filter>Header Files</Filter>
    </ClInclude>
  </ItemGroup>
  <ItemGroup>
    <ClCompile Include="Position.cpp">
      <Filter>Source Files</Filter>
    </ClCompile>
    <ClCompile Include="Size.cpp">
      <Filter>Source Files</Filter>
    </ClCompile>
    <ClCompile Include="Entity.cpp">
      <Filter>Source Files</Filter>
    </ClCompile>
    <ClCompile Include="Moving.cpp">
      <Filter>Source Files</Filter>
    </ClCompile>
    <ClCompile Include="Zombie.cpp">
      <Filter>Source Files</Filter>
    </ClCompile>
    <ClCompile Include="LawnMover.cpp">
      <Filter>Source Files</Filter>
    </ClCompile>
    <ClCompile Include="Pea.cpp">
      <Filter>Source Files</Filter>
    </ClCompile>
    <ClCompile Include="NormalPea.cpp">
      <Filter>Source Files</Filter>
    </ClCompile>
    <ClCompile Include="WhitePea.cpp">
      <Filter>Source Files</Filter>
    </ClCompile>
    <ClCompile Include="Sun.cpp">
      <Filter>Source Files</Filter>
    </ClCompile>
    <ClCompile Include="SimpleZombies.cpp">
      <Filter>Source Files</Filter>
    </ClCompile>
    <ClCompile Include="DolphinRiderZombie.cpp">
      <Filter>Source Files</Filter>
    </ClCompile>
    <ClCompile Include="FootballZombies.cpp">
      <Filter>Source Files</Filter>
    </ClCompile>
    <ClCompile Include="FlyingZombies.cpp">
      <Filter>Source Files</Filter>
    </ClCompile>
    <ClCompile Include="DancingZombies.cpp">
      <Filter>Source Files</Filter>
    </ClCompile>
    <ClCompile Include="Source.cpp">
      <Filter>Source Files</Filter>
    </ClCompile>
    <ClCompile Include="ZombieFactory.cpp">
      <Filter>Source Files</Filter>
    </ClCompile>
    <ClCompile Include="Level.cpp">
      <Filter>Source Files</Filter>
    </ClCompile>
    <ClCompile Include="Game.cpp">
      <Filter>Source Files</Filter>
    </ClCompile>
    <ClCompile Include="BeginersGarden.cpp">
      <Filter>Source Files</Filter>
    </ClCompile>
    <ClCompile Include="Sprite.cpp">
      <Filter>Source Files</Filter>
    </ClCompile>
    <ClCompile Include="Tile.cpp">
      <Filter>Source Files</Filter>
    </ClCompile>
    <ClCompile Include="Cherrybomb.cpp">
      <Filter>Source Files</Filter>
    </ClCompile>
    <ClCompile Include="NonShooter.cpp">
      <Filter>Source Files</Filter>
    </ClCompile>
    <ClCompile Include="Peashooter.cpp">
      <Filter>Source Files</Filter>
    </ClCompile>
    <ClCompile Include="Plantfactory.cpp">
      <Filter>Source Files</Filter>
    </ClCompile>
    <ClCompile Include="Plants.cpp">
      <Filter>Source Files</Filter>
    </ClCompile>
    <ClCompile Include="Repeater.cpp">
      <Filter>Source Files</Filter>
    </ClCompile>
    <ClCompile Include="Shooter.cpp">
      <Filter>Source Files</Filter>
    </ClCompile>
    <ClCompile Include="Sunflower.cpp">
      <Filter>Source Files</Filter>
    </ClCompile>
    <ClCompile Include="Walknut.cpp">
      <Filter>Source Files</Filter>
    </ClCompile>
    <ClCompile Include="SnowPea.cpp">
      <Filter>Source Files</Filter>
    </ClCompile>
    <ClCompile Include="ZombieOutskirts.cpp">
      <Filter>Source Files</Filter>
    </ClCompile>
    <ClCompile Include="SunflowerFields.cpp">
      <Filter>Source Files</Filter>
    </ClCompile>
    <ClCompile Include="Screen.cpp">
      <Filter>Source Files</Filter>
    </ClCompile>
    <ClCompile Include="Button.cpp">
      <Filter>Source Files</Filter>
    </ClCompile>
    <ClCompile Include="InstructionScreen.cpp">
      <Filter>Source Files</Filter>
    </ClCompile>
    <ClCompile Include="MenuScreen.cpp">
      <Filter>Source Files</Filter>
    </ClCompile>
    <ClCompile Include="LoseScreen.cpp">
      <Filter>Source Files</Filter>
    </ClCompile>
    <ClCompile Include="WinScreen.cpp">
      <Filter>Source Files</Filter>
    </ClCompile>
    <ClCompile Include="ScoreBoardScreen.cpp">
      <Filter>Source Files</Filter>
    </ClCompile>
    <ClCompile Include="NameScreen.cpp">
      <Filter>Source Files</Filter>
    </ClCompile>
  </ItemGroup>
</Project>